
Microsoft Visual Studio Solution File, Format Version 12.00
# Visual Studio Version 17
VisualStudioVersion = 17.5.33424.131
MinimumVisualStudioVersion = 10.0.40219.1
Project("{9A19103F-16F7-4668-BE54-9A1E7A4F7556}") = "HC.WebApi", "src\interface\HC.WebApi\HC.WebApi.csproj", "{C3C70286-7D86-4443-8839-5D2361A9BB41}"
EndProject
Project("{9A19103F-16F7-4668-BE54-9A1E7A4F7556}") = "HC.Domain", "src\domain\HC.Domain\HC.Domain.csproj", "{784A6B26-5F31-48D5-929A-E569020ED0C7}"
EndProject
Project("{9A19103F-16F7-4668-BE54-9A1E7A4F7556}") = "HC.Application", "src\application\HC.Application\HC.Application.csproj", "{0450133D-9A05-4270-9AEC-888ABC2B9FDB}"
EndProject
Project("{9A19103F-16F7-4668-BE54-9A1E7A4F7556}") = "HC.FunctionalTests", "src\tests\HC.FunctionalTests\HC.FunctionalTests.csproj", "{4D7F82A0-1FDF-4084-BD13-D3E104EC16BD}"
EndProject
Project("{9A19103F-16F7-4668-BE54-9A1E7A4F7556}") = "HC.IntegrationTests", "src\tests\HC.IntegrationTests\HC.IntegrationTests.csproj", "{2CC309A7-D337-498F-AD0C-72846B51BA95}"
EndProject
Project("{9A19103F-16F7-4668-BE54-9A1E7A4F7556}") = "HC.UnitTests", "src\tests\HC.UnitTests\HC.UnitTests.csproj", "{D03845C6-3065-4A15-B930-F0F7A6A7FB80}"
EndProject
Project("{2150E333-8FDC-42A3-9474-1A3956D46DE8}") = "tests", "tests", "{443AAFA5-05CA-4E9B-83B6-4500A3D4F5C4}"
EndProject
Project("{2150E333-8FDC-42A3-9474-1A3956D46DE8}") = "interface", "interface", "{CA2E26AE-731C-4281-B03B-9B33BE1E00DD}"
EndProject
Project("{2150E333-8FDC-42A3-9474-1A3956D46DE8}") = "application", "application", "{2FA037CB-C309-4757-B393-FA4E99AC7B29}"
EndProject
Project("{2150E333-8FDC-42A3-9474-1A3956D46DE8}") = "domain", "domain", "{2AEE5556-CAC8-4A6F-B960-236F80459B3F}"
EndProject
Project("{2150E333-8FDC-42A3-9474-1A3956D46DE8}") = "infrastruct", "infrastruct", "{8A9317C6-AFCE-4975-926B-44E8E0CEB379}"
EndProject
Project("{9A19103F-16F7-4668-BE54-9A1E7A4F7556}") = "HC.Cache", "src\infrastruct\HC.Cache\HC.Cache.csproj", "{D36DBE16-D509-421F-8CDA-B9E938EC26B5}"
EndProject
Project("{9A19103F-16F7-4668-BE54-9A1E7A4F7556}") = "HC.EventBus", "src\infrastruct\HC.EventBus\HC.EventBus.csproj", "{2694CD6D-1B9D-4990-AB8E-A5E2E0C99913}"
EndProject
Project("{9A19103F-16F7-4668-BE54-9A1E7A4F7556}") = "HC.EventSourcing", "src\infrastruct\HC.EventSourcing\HC.EventSourcing.csproj", "{9C9FADD3-8A3E-4097-B29A-EE4AF8C43B37}"
EndProject
Project("{9A19103F-16F7-4668-BE54-9A1E7A4F7556}") = "HC.Framework", "src\infrastruct\HC.Framework\HC.Framework.csproj", "{A800FAF8-689F-4898-9932-72EC284D8203}"
EndProject
Project("{9A19103F-16F7-4668-BE54-9A1E7A4F7556}") = "HC.Repository", "src\infrastruct\HC.Repository\HC.Repository.csproj", "{D5917060-AAD9-4C27-90A0-1716AF485C11}"
EndProject
Project("{9A19103F-16F7-4668-BE54-9A1E7A4F7556}") = "HC.Mq", "src\infrastruct\HC.Mq\HC.Mq.csproj", "{4ABC46C1-678F-49BE-85F2-92251E47B4F1}"
EndProject
Project("{9A19103F-16F7-4668-BE54-9A1E7A4F7556}") = "HC.Util", "src\infrastruct\HC.Util\HC.Util.csproj", "{62609BCB-3B39-4823-93C3-4C50446A697F}"
EndProject
Project("{9A19103F-16F7-4668-BE54-9A1E7A4F7556}") = "HC.Message", "src\infrastruct\HC.Message\HC.Message.csproj", "{7B5A829D-B125-4072-AF0D-F77DD804B72B}"
EndProject
Project("{9A19103F-16F7-4668-BE54-9A1E7A4F7556}") = "HC.WebApi.Core", "src\interface\HC.WebApi.Core\HC.WebApi.Core.csproj", "{BC9587F2-CECA-4EAF-8C73-44F2AB136A6F}"
EndProject
Project("{2150E333-8FDC-42A3-9474-1A3956D46DE8}") = "src", "src", "{BD632174-899B-48D8-A4D1-CF1B1DC0C842}"
EndProject
Global
	GlobalSection(SolutionConfigurationPlatforms) = preSolution
		Debug|Any CPU = Debug|Any CPU
		Release|Any CPU = Release|Any CPU
	EndGlobalSection
	GlobalSection(ProjectConfigurationPlatforms) = postSolution
		{C3C70286-7D86-4443-8839-5D2361A9BB41}.Debug|Any CPU.ActiveCfg = Debug|Any CPU
		{C3C70286-7D86-4443-8839-5D2361A9BB41}.Debug|Any CPU.Build.0 = Debug|Any CPU
		{C3C70286-7D86-4443-8839-5D2361A9BB41}.Release|Any CPU.ActiveCfg = Release|Any CPU
		{C3C70286-7D86-4443-8839-5D2361A9BB41}.Release|Any CPU.Build.0 = Release|Any CPU
		{784A6B26-5F31-48D5-929A-E569020ED0C7}.Debug|Any CPU.ActiveCfg = Debug|Any CPU
		{784A6B26-5F31-48D5-929A-E569020ED0C7}.Debug|Any CPU.Build.0 = Debug|Any CPU
		{784A6B26-5F31-48D5-929A-E569020ED0C7}.Release|Any CPU.ActiveCfg = Release|Any CPU
		{784A6B26-5F31-48D5-929A-E569020ED0C7}.Release|Any CPU.Build.0 = Release|Any CPU
		{0450133D-9A05-4270-9AEC-888ABC2B9FDB}.Debug|Any CPU.ActiveCfg = Debug|Any CPU
		{0450133D-9A05-4270-9AEC-888ABC2B9FDB}.Debug|Any CPU.Build.0 = Debug|Any CPU
		{0450133D-9A05-4270-9AEC-888ABC2B9FDB}.Release|Any CPU.ActiveCfg = Release|Any CPU
		{0450133D-9A05-4270-9AEC-888ABC2B9FDB}.Release|Any CPU.Build.0 = Release|Any CPU
		{4D7F82A0-1FDF-4084-BD13-D3E104EC16BD}.Debug|Any CPU.ActiveCfg = Debug|Any CPU
		{4D7F82A0-1FDF-4084-BD13-D3E104EC16BD}.Debug|Any CPU.Build.0 = Debug|Any CPU
		{4D7F82A0-1FDF-4084-BD13-D3E104EC16BD}.Release|Any CPU.ActiveCfg = Release|Any CPU
		{4D7F82A0-1FDF-4084-BD13-D3E104EC16BD}.Release|Any CPU.Build.0 = Release|Any CPU
		{2CC309A7-D337-498F-AD0C-72846B51BA95}.Debug|Any CPU.ActiveCfg = Debug|Any CPU
		{2CC309A7-D337-498F-AD0C-72846B51BA95}.Debug|Any CPU.Build.0 = Debug|Any CPU
		{2CC309A7-D337-498F-AD0C-72846B51BA95}.Release|Any CPU.ActiveCfg = Release|Any CPU
		{2CC309A7-D337-498F-AD0C-72846B51BA95}.Release|Any CPU.Build.0 = Release|Any CPU
		{D03845C6-3065-4A15-B930-F0F7A6A7FB80}.Debug|Any CPU.ActiveCfg = Debug|Any CPU
		{D03845C6-3065-4A15-B930-F0F7A6A7FB80}.Debug|Any CPU.Build.0 = Debug|Any CPU
		{D03845C6-3065-4A15-B930-F0F7A6A7FB80}.Release|Any CPU.ActiveCfg = Release|Any CPU
		{D03845C6-3065-4A15-B930-F0F7A6A7FB80}.Release|Any CPU.Build.0 = Release|Any CPU
		{D36DBE16-D509-421F-8CDA-B9E938EC26B5}.Debug|Any CPU.ActiveCfg = Debug|Any CPU
		{D36DBE16-D509-421F-8CDA-B9E938EC26B5}.Debug|Any CPU.Build.0 = Debug|Any CPU
		{D36DBE16-D509-421F-8CDA-B9E938EC26B5}.Release|Any CPU.ActiveCfg = Release|Any CPU
		{D36DBE16-D509-421F-8CDA-B9E938EC26B5}.Release|Any CPU.Build.0 = Release|Any CPU
		{2694CD6D-1B9D-4990-AB8E-A5E2E0C99913}.Debug|Any CPU.ActiveCfg = Debug|Any CPU
		{2694CD6D-1B9D-4990-AB8E-A5E2E0C99913}.Debug|Any CPU.Build.0 = Debug|Any CPU
		{2694CD6D-1B9D-4990-AB8E-A5E2E0C99913}.Release|Any CPU.ActiveCfg = Release|Any CPU
		{2694CD6D-1B9D-4990-AB8E-A5E2E0C99913}.Release|Any CPU.Build.0 = Release|Any CPU
		{9C9FADD3-8A3E-4097-B29A-EE4AF8C43B37}.Debug|Any CPU.ActiveCfg = Debug|Any CPU
		{9C9FADD3-8A3E-4097-B29A-EE4AF8C43B37}.Debug|Any CPU.Build.0 = Debug|Any CPU
		{9C9FADD3-8A3E-4097-B29A-EE4AF8C43B37}.Release|Any CPU.ActiveCfg = Release|Any CPU
		{9C9FADD3-8A3E-4097-B29A-EE4AF8C43B37}.Release|Any CPU.Build.0 = Release|Any CPU
		{A800FAF8-689F-4898-9932-72EC284D8203}.Debug|Any CPU.ActiveCfg = Debug|Any CPU
		{A800FAF8-689F-4898-9932-72EC284D8203}.Debug|Any CPU.Build.0 = Debug|Any CPU
		{A800FAF8-689F-4898-9932-72EC284D8203}.Release|Any CPU.ActiveCfg = Release|Any CPU
		{A800FAF8-689F-4898-9932-72EC284D8203}.Release|Any CPU.Build.0 = Release|Any CPU
		{D5917060-AAD9-4C27-90A0-1716AF485C11}.Debug|Any CPU.ActiveCfg = Debug|Any CPU
		{D5917060-AAD9-4C27-90A0-1716AF485C11}.Debug|Any CPU.Build.0 = Debug|Any CPU
		{D5917060-AAD9-4C27-90A0-1716AF485C11}.Release|Any CPU.ActiveCfg = Release|Any CPU
		{D5917060-AAD9-4C27-90A0-1716AF485C11}.Release|Any CPU.Build.0 = Release|Any CPU
		{4ABC46C1-678F-49BE-85F2-92251E47B4F1}.Debug|Any CPU.ActiveCfg = Debug|Any CPU
		{4ABC46C1-678F-49BE-85F2-92251E47B4F1}.Debug|Any CPU.Build.0 = Debug|Any CPU
		{4ABC46C1-678F-49BE-85F2-92251E47B4F1}.Release|Any CPU.ActiveCfg = Release|Any CPU
		{4ABC46C1-678F-49BE-85F2-92251E47B4F1}.Release|Any CPU.Build.0 = Release|Any CPU
		{62609BCB-3B39-4823-93C3-4C50446A697F}.Debug|Any CPU.ActiveCfg = Debug|Any CPU
		{62609BCB-3B39-4823-93C3-4C50446A697F}.Debug|Any CPU.Build.0 = Debug|Any CPU
		{62609BCB-3B39-4823-93C3-4C50446A697F}.Release|Any CPU.ActiveCfg = Release|Any CPU
		{62609BCB-3B39-4823-93C3-4C50446A697F}.Release|Any CPU.Build.0 = Release|Any CPU
		{7B5A829D-B125-4072-AF0D-F77DD804B72B}.Debug|Any CPU.ActiveCfg = Debug|Any CPU
		{7B5A829D-B125-4072-AF0D-F77DD804B72B}.Debug|Any CPU.Build.0 = Debug|Any CPU
		{7B5A829D-B125-4072-AF0D-F77DD804B72B}.Release|Any CPU.ActiveCfg = Release|Any CPU
		{7B5A829D-B125-4072-AF0D-F77DD804B72B}.Release|Any CPU.Build.0 = Release|Any CPU
		{BC9587F2-CECA-4EAF-8C73-44F2AB136A6F}.Debug|Any CPU.ActiveCfg = Debug|Any CPU
		{BC9587F2-CECA-4EAF-8C73-44F2AB136A6F}.Debug|Any CPU.Build.0 = Debug|Any CPU
		{BC9587F2-CECA-4EAF-8C73-44F2AB136A6F}.Release|Any CPU.ActiveCfg = Release|Any CPU
		{BC9587F2-CECA-4EAF-8C73-44F2AB136A6F}.Release|Any CPU.Build.0 = Release|Any CPU
	EndGlobalSection
	GlobalSection(SolutionProperties) = preSolution
		HideSolutionNode = FALSE
	EndGlobalSection
	GlobalSection(NestedProjects) = preSolution
		{C3C70286-7D86-4443-8839-5D2361A9BB41} = {CA2E26AE-731C-4281-B03B-9B33BE1E00DD}
		{784A6B26-5F31-48D5-929A-E569020ED0C7} = {2AEE5556-CAC8-4A6F-B960-236F80459B3F}
		{0450133D-9A05-4270-9AEC-888ABC2B9FDB} = {2FA037CB-C309-4757-B393-FA4E99AC7B29}
		{4D7F82A0-1FDF-4084-BD13-D3E104EC16BD} = {443AAFA5-05CA-4E9B-83B6-4500A3D4F5C4}
		{2CC309A7-D337-498F-AD0C-72846B51BA95} = {443AAFA5-05CA-4E9B-83B6-4500A3D4F5C4}
		{D03845C6-3065-4A15-B930-F0F7A6A7FB80} = {443AAFA5-05CA-4E9B-83B6-4500A3D4F5C4}
		{CA2E26AE-731C-4281-B03B-9B33BE1E00DD} = {BD632174-899B-48D8-A4D1-CF1B1DC0C842}
		{2FA037CB-C309-4757-B393-FA4E99AC7B29} = {BD632174-899B-48D8-A4D1-CF1B1DC0C842}
		{2AEE5556-CAC8-4A6F-B960-236F80459B3F} = {BD632174-899B-48D8-A4D1-CF1B1DC0C842}
		{8A9317C6-AFCE-4975-926B-44E8E0CEB379} = {BD632174-899B-48D8-A4D1-CF1B1DC0C842}
		{D36DBE16-D509-421F-8CDA-B9E938EC26B5} = {8A9317C6-AFCE-4975-926B-44E8E0CEB379}
		{2694CD6D-1B9D-4990-AB8E-A5E2E0C99913} = {8A9317C6-AFCE-4975-926B-44E8E0CEB379}
		{9C9FADD3-8A3E-4097-B29A-EE4AF8C43B37} = {8A9317C6-AFCE-4975-926B-44E8E0CEB379}
		{A800FAF8-689F-4898-9932-72EC284D8203} = {8A9317C6-AFCE-4975-926B-44E8E0CEB379}
		{D5917060-AAD9-4C27-90A0-1716AF485C11} = {8A9317C6-AFCE-4975-926B-44E8E0CEB379}
		{4ABC46C1-678F-49BE-85F2-92251E47B4F1} = {8A9317C6-AFCE-4975-926B-44E8E0CEB379}
		{62609BCB-3B39-4823-93C3-4C50446A697F} = {8A9317C6-AFCE-4975-926B-44E8E0CEB379}
		{7B5A829D-B125-4072-AF0D-F77DD804B72B} = {8A9317C6-AFCE-4975-926B-44E8E0CEB379}
		{BC9587F2-CECA-4EAF-8C73-44F2AB136A6F} = {CA2E26AE-731C-4281-B03B-9B33BE1E00DD}
	EndGlobalSection
	GlobalSection(ExtensibilityGlobals) = postSolution
		SolutionGuid = {F6C0F758-5035-4CF1-99C6-AE94886B1C82}
	EndGlobalSection
EndGlobal
